// !$*UTF8*$!
{
	archiveVersion = 1;
	classes = {
	};
	objectVersion = 48;
	objects = {

/* Begin PBXBuildFile section */
		2D8D8DDF1BF555323127A70D /* Pods_spacexTests.framework in Frameworks */ = {isa = PBXBuildFile; fileRef = 0119A1FBAB4BF7F1F58B57C5 /* Pods_spacexTests.framework */; };
		4E8C23CF2040979A00A937FE /* AppDelegate.swift in Sources */ = {isa = PBXBuildFile; fileRef = 4E8C23CE2040979A00A937FE /* AppDelegate.swift */; };
		4E8C23D42040979A00A937FE /* Main.storyboard in Resources */ = {isa = PBXBuildFile; fileRef = 4E8C23D22040979A00A937FE /* Main.storyboard */; };
		4E8C23D62040979A00A937FE /* Assets.xcassets in Resources */ = {isa = PBXBuildFile; fileRef = 4E8C23D52040979A00A937FE /* Assets.xcassets */; };
		4E8C23D92040979A00A937FE /* LaunchScreen.storyboard in Resources */ = {isa = PBXBuildFile; fileRef = 4E8C23D72040979A00A937FE /* LaunchScreen.storyboard */; };
		4E8C23E42040979A00A937FE /* spacexTests.swift in Sources */ = {isa = PBXBuildFile; fileRef = 4E8C23E32040979A00A937FE /* spacexTests.swift */; };
		4E8C23EF2040979A00A937FE /* spacexUITests.swift in Sources */ = {isa = PBXBuildFile; fileRef = 4E8C23EE2040979A00A937FE /* spacexUITests.swift */; };
		4E8C240C2040A01800A937FE /* ServiceManager.swift in Sources */ = {isa = PBXBuildFile; fileRef = 4E8C240B2040A01800A937FE /* ServiceManager.swift */; };
		4E8C240E2040A09000A937FE /* RequestTarget.swift in Sources */ = {isa = PBXBuildFile; fileRef = 4E8C240D2040A09000A937FE /* RequestTarget.swift */; };
		4E8C24102040A1ED00A937FE /* ResponseModel.swift in Sources */ = {isa = PBXBuildFile; fileRef = 4E8C240F2040A1ED00A937FE /* ResponseModel.swift */; };
		4E8C24142040A6FA00A937FE /* UIViewController+Extensions.swift in Sources */ = {isa = PBXBuildFile; fileRef = 4E8C24132040A6FA00A937FE /* UIViewController+Extensions.swift */; };
		4E8C24182040A7A900A937FE /* LoadingView.swift in Sources */ = {isa = PBXBuildFile; fileRef = 4E8C24162040A7A900A937FE /* LoadingView.swift */; };
		4E8C24192040A7A900A937FE /* LoadingView.xib in Resources */ = {isa = PBXBuildFile; fileRef = 4E8C24172040A7A900A937FE /* LoadingView.xib */; };
		4E8C241D2040AC3800A937FE /* LaunchListViewController.swift in Sources */ = {isa = PBXBuildFile; fileRef = 4E8C241C2040AC3800A937FE /* LaunchListViewController.swift */; };
		4E8C241F2040ADEA00A937FE /* UITableView+Extensions.swift in Sources */ = {isa = PBXBuildFile; fileRef = 4E8C241E2040ADEA00A937FE /* UITableView+Extensions.swift */; };
		4E8C24212040AE7700A937FE /* CellProtocol.swift in Sources */ = {isa = PBXBuildFile; fileRef = 4E8C24202040AE7700A937FE /* CellProtocol.swift */; };
		4E8C24232040AE9200A937FE /* BaseCellViewModel.swift in Sources */ = {isa = PBXBuildFile; fileRef = 4E8C24222040AE9200A937FE /* BaseCellViewModel.swift */; };
		4E8C24282040AFF600A937FE /* LauchTableViewCell.swift in Sources */ = {isa = PBXBuildFile; fileRef = 4E8C24262040AFF600A937FE /* LauchTableViewCell.swift */; };
		4E8C24292040AFF600A937FE /* LauchTableViewCell.xib in Resources */ = {isa = PBXBuildFile; fileRef = 4E8C24272040AFF600A937FE /* LauchTableViewCell.xib */; };
		4E8C242B2040B40600A937FE /* LaunchCellViewModel.swift in Sources */ = {isa = PBXBuildFile; fileRef = 4E8C242A2040B40600A937FE /* LaunchCellViewModel.swift */; };
		4E8C242D2040B50700A937FE /* String+Extensions.swift in Sources */ = {isa = PBXBuildFile; fileRef = 4E8C242C2040B50700A937FE /* String+Extensions.swift */; };
		BA12710698C1018D6D4BACCB /* Pods_spacex.framework in Frameworks */ = {isa = PBXBuildFile; fileRef = F7D60C31EDB7C75AA61A059E /* Pods_spacex.framework */; };
		D4C6B8A030E6A141804432B6 /* Pods_spacexUITests.framework in Frameworks */ = {isa = PBXBuildFile; fileRef = 9C02854162EB4D2925513BED /* Pods_spacexUITests.framework */; };
/* End PBXBuildFile section */

/* Begin PBXContainerItemProxy section */
		4E8C23E02040979A00A937FE /* PBXContainerItemProxy */ = {
			isa = PBXContainerItemProxy;
			containerPortal = 4E8C23C32040979A00A937FE /* Project object */;
			proxyType = 1;
			remoteGlobalIDString = 4E8C23CA2040979A00A937FE;
			remoteInfo = spacex;
		};
		4E8C23EB2040979A00A937FE /* PBXContainerItemProxy */ = {
			isa = PBXContainerItemProxy;
			containerPortal = 4E8C23C32040979A00A937FE /* Project object */;
			proxyType = 1;
			remoteGlobalIDString = 4E8C23CA2040979A00A937FE;
			remoteInfo = spacex;
		};
/* End PBXContainerItemProxy section */

/* Begin PBXFileReference section */
		010AA241B2D6B7FCD5121FEB /* Pods-spacex.release.xcconfig */ = {isa = PBXFileReference; includeInIndex = 1; lastKnownFileType = text.xcconfig; name = "Pods-spacex.release.xcconfig"; path = "Pods/Target Support Files/Pods-spacex/Pods-spacex.release.xcconfig"; sourceTree = "<group>"; };
		0119A1FBAB4BF7F1F58B57C5 /* Pods_spacexTests.framework */ = {isa = PBXFileReference; explicitFileType = wrapper.framework; includeInIndex = 0; path = Pods_spacexTests.framework; sourceTree = BUILT_PRODUCTS_DIR; };
		0259EAB7780731A8FFD2F13A /* Pods-spacexUITests.debug.xcconfig */ = {isa = PBXFileReference; includeInIndex = 1; lastKnownFileType = text.xcconfig; name = "Pods-spacexUITests.debug.xcconfig"; path = "Pods/Target Support Files/Pods-spacexUITests/Pods-spacexUITests.debug.xcconfig"; sourceTree = "<group>"; };
		1D47B37E5D83339DFBA13755 /* Pods-spacexTests.release.xcconfig */ = {isa = PBXFileReference; includeInIndex = 1; lastKnownFileType = text.xcconfig; name = "Pods-spacexTests.release.xcconfig"; path = "Pods/Target Support Files/Pods-spacexTests/Pods-spacexTests.release.xcconfig"; sourceTree = "<group>"; };
		345EE36E6139F82AA9738E9C /* Pods-spacex.debug.xcconfig */ = {isa = PBXFileReference; includeInIndex = 1; lastKnownFileType = text.xcconfig; name = "Pods-spacex.debug.xcconfig"; path = "Pods/Target Support Files/Pods-spacex/Pods-spacex.debug.xcconfig"; sourceTree = "<group>"; };
		39105B5017F2646658599B96 /* Pods-spacexUITests.release.xcconfig */ = {isa = PBXFileReference; includeInIndex = 1; lastKnownFileType = text.xcconfig; name = "Pods-spacexUITests.release.xcconfig"; path = "Pods/Target Support Files/Pods-spacexUITests/Pods-spacexUITests.release.xcconfig"; sourceTree = "<group>"; };
		4E8C23CB2040979A00A937FE /* spacex.app */ = {isa = PBXFileReference; explicitFileType = wrapper.application; includeInIndex = 0; path = spacex.app; sourceTree = BUILT_PRODUCTS_DIR; };
		4E8C23CE2040979A00A937FE /* AppDelegate.swift */ = {isa = PBXFileReference; lastKnownFileType = sourcecode.swift; path = AppDelegate.swift; sourceTree = "<group>"; };
		4E8C23D32040979A00A937FE /* Base */ = {isa = PBXFileReference; lastKnownFileType = file.storyboard; name = Base; path = Base.lproj/Main.storyboard; sourceTree = "<group>"; };
		4E8C23D52040979A00A937FE /* Assets.xcassets */ = {isa = PBXFileReference; lastKnownFileType = folder.assetcatalog; path = Assets.xcassets; sourceTree = "<group>"; };
		4E8C23D82040979A00A937FE /* Base */ = {isa = PBXFileReference; lastKnownFileType = file.storyboard; name = Base; path = Base.lproj/LaunchScreen.storyboard; sourceTree = "<group>"; };
		4E8C23DA2040979A00A937FE /* Info.plist */ = {isa = PBXFileReference; lastKnownFileType = text.plist.xml; path = Info.plist; sourceTree = "<group>"; };
		4E8C23DF2040979A00A937FE /* spacexTests.xctest */ = {isa = PBXFileReference; explicitFileType = wrapper.cfbundle; includeInIndex = 0; path = spacexTests.xctest; sourceTree = BUILT_PRODUCTS_DIR; };
		4E8C23E32040979A00A937FE /* spacexTests.swift */ = {isa = PBXFileReference; lastKnownFileType = sourcecode.swift; path = spacexTests.swift; sourceTree = "<group>"; };
		4E8C23E52040979A00A937FE /* Info.plist */ = {isa = PBXFileReference; lastKnownFileType = text.plist.xml; path = Info.plist; sourceTree = "<group>"; };
		4E8C23EA2040979A00A937FE /* spacexUITests.xctest */ = {isa = PBXFileReference; explicitFileType = wrapper.cfbundle; includeInIndex = 0; path = spacexUITests.xctest; sourceTree = BUILT_PRODUCTS_DIR; };
		4E8C23EE2040979A00A937FE /* spacexUITests.swift */ = {isa = PBXFileReference; lastKnownFileType = sourcecode.swift; path = spacexUITests.swift; sourceTree = "<group>"; };
		4E8C23F02040979A00A937FE /* Info.plist */ = {isa = PBXFileReference; lastKnownFileType = text.plist.xml; path = Info.plist; sourceTree = "<group>"; };
		4E8C240B2040A01800A937FE /* ServiceManager.swift */ = {isa = PBXFileReference; lastKnownFileType = sourcecode.swift; path = ServiceManager.swift; sourceTree = "<group>"; };
		4E8C240D2040A09000A937FE /* RequestTarget.swift */ = {isa = PBXFileReference; lastKnownFileType = sourcecode.swift; path = RequestTarget.swift; sourceTree = "<group>"; };
		4E8C240F2040A1ED00A937FE /* ResponseModel.swift */ = {isa = PBXFileReference; lastKnownFileType = sourcecode.swift; path = ResponseModel.swift; sourceTree = "<group>"; };
		4E8C24132040A6FA00A937FE /* UIViewController+Extensions.swift */ = {isa = PBXFileReference; lastKnownFileType = sourcecode.swift; path = "UIViewController+Extensions.swift"; sourceTree = "<group>"; };
		4E8C24162040A7A900A937FE /* LoadingView.swift */ = {isa = PBXFileReference; lastKnownFileType = sourcecode.swift; path = LoadingView.swift; sourceTree = "<group>"; };
		4E8C24172040A7A900A937FE /* LoadingView.xib */ = {isa = PBXFileReference; lastKnownFileType = file.xib; path = LoadingView.xib; sourceTree = "<group>"; };
		4E8C241C2040AC3800A937FE /* LaunchListViewController.swift */ = {isa = PBXFileReference; lastKnownFileType = sourcecode.swift; path = LaunchListViewController.swift; sourceTree = "<group>"; };
		4E8C241E2040ADEA00A937FE /* UITableView+Extensions.swift */ = {isa = PBXFileReference; lastKnownFileType = sourcecode.swift; path = "UITableView+Extensions.swift"; sourceTree = "<group>"; };
		4E8C24202040AE7700A937FE /* CellProtocol.swift */ = {isa = PBXFileReference; lastKnownFileType = sourcecode.swift; path = CellProtocol.swift; sourceTree = "<group>"; };
		4E8C24222040AE9200A937FE /* BaseCellViewModel.swift */ = {isa = PBXFileReference; lastKnownFileType = sourcecode.swift; path = BaseCellViewModel.swift; sourceTree = "<group>"; };
		4E8C24262040AFF600A937FE /* LauchTableViewCell.swift */ = {isa = PBXFileReference; lastKnownFileType = sourcecode.swift; path = LauchTableViewCell.swift; sourceTree = "<group>"; };
		4E8C24272040AFF600A937FE /* LauchTableViewCell.xib */ = {isa = PBXFileReference; lastKnownFileType = file.xib; path = LauchTableViewCell.xib; sourceTree = "<group>"; };
		4E8C242A2040B40600A937FE /* LaunchCellViewModel.swift */ = {isa = PBXFileReference; lastKnownFileType = sourcecode.swift; path = LaunchCellViewModel.swift; sourceTree = "<group>"; };
		4E8C242C2040B50700A937FE /* String+Extensions.swift */ = {isa = PBXFileReference; lastKnownFileType = sourcecode.swift; path = "String+Extensions.swift"; sourceTree = "<group>"; };
		9C02854162EB4D2925513BED /* Pods_spacexUITests.framework */ = {isa = PBXFileReference; explicitFileType = wrapper.framework; includeInIndex = 0; path = Pods_spacexUITests.framework; sourceTree = BUILT_PRODUCTS_DIR; };
		BA29E1320BC48DAD8A8B1EAF /* Pods-spacexTests.debug.xcconfig */ = {isa = PBXFileReference; includeInIndex = 1; lastKnownFileType = text.xcconfig; name = "Pods-spacexTests.debug.xcconfig"; path = "Pods/Target Support Files/Pods-spacexTests/Pods-spacexTests.debug.xcconfig"; sourceTree = "<group>"; };
		F7D60C31EDB7C75AA61A059E /* Pods_spacex.framework */ = {isa = PBXFileReference; explicitFileType = wrapper.framework; includeInIndex = 0; path = Pods_spacex.framework; sourceTree = BUILT_PRODUCTS_DIR; };
/* End PBXFileReference section */

/* Begin PBXFrameworksBuildPhase section */
		4E8C23C82040979A00A937FE /* Frameworks */ = {
			isa = PBXFrameworksBuildPhase;
			buildActionMask = 2147483647;
			files = (
				BA12710698C1018D6D4BACCB /* Pods_spacex.framework in Frameworks */,
			);
			runOnlyForDeploymentPostprocessing = 0;
		};
		4E8C23DC2040979A00A937FE /* Frameworks */ = {
			isa = PBXFrameworksBuildPhase;
			buildActionMask = 2147483647;
			files = (
				2D8D8DDF1BF555323127A70D /* Pods_spacexTests.framework in Frameworks */,
			);
			runOnlyForDeploymentPostprocessing = 0;
		};
		4E8C23E72040979A00A937FE /* Frameworks */ = {
			isa = PBXFrameworksBuildPhase;
			buildActionMask = 2147483647;
			files = (
				D4C6B8A030E6A141804432B6 /* Pods_spacexUITests.framework in Frameworks */,
			);
			runOnlyForDeploymentPostprocessing = 0;
		};
/* End PBXFrameworksBuildPhase section */

/* Begin PBXGroup section */
		4E8C23C22040979A00A937FE = {
			isa = PBXGroup;
			children = (
				4E8C23CD2040979A00A937FE /* spacex */,
				4E8C23E22040979A00A937FE /* spacexTests */,
				4E8C23ED2040979A00A937FE /* spacexUITests */,
				4E8C23CC2040979A00A937FE /* Products */,
				DECC9ADADA31C3B086695F4C /* Pods */,
				AE2DFAACB96DC9C8F562B92D /* Frameworks */,
			);
			sourceTree = "<group>";
		};
		4E8C23CC2040979A00A937FE /* Products */ = {
			isa = PBXGroup;
			children = (
				4E8C23CB2040979A00A937FE /* spacex.app */,
				4E8C23DF2040979A00A937FE /* spacexTests.xctest */,
				4E8C23EA2040979A00A937FE /* spacexUITests.xctest */,
			);
			name = Products;
			sourceTree = "<group>";
		};
		4E8C23CD2040979A00A937FE /* spacex */ = {
			isa = PBXGroup;
			children = (
				4E8C240520409F6B00A937FE /* Extensions */,
				4E8C23FF20409CC400A937FE /* Classes */,
				4E8C23FE20409CBF00A937FE /* Views */,
				4E8C23FD20409CB800A937FE /* ViewModels */,
				4E8C23FC20409CB200A937FE /* ViewControllers */,
				4E8C23CE2040979A00A937FE /* AppDelegate.swift */,
				4E8C23D22040979A00A937FE /* Main.storyboard */,
				4E8C23D52040979A00A937FE /* Assets.xcassets */,
				4E8C23D72040979A00A937FE /* LaunchScreen.storyboard */,
				4E8C23DA2040979A00A937FE /* Info.plist */,
			);
			path = spacex;
			sourceTree = "<group>";
		};
		4E8C23E22040979A00A937FE /* spacexTests */ = {
			isa = PBXGroup;
			children = (
				4E8C23E32040979A00A937FE /* spacexTests.swift */,
				4E8C23E52040979A00A937FE /* Info.plist */,
			);
			path = spacexTests;
			sourceTree = "<group>";
		};
		4E8C23ED2040979A00A937FE /* spacexUITests */ = {
			isa = PBXGroup;
			children = (
				4E8C23EE2040979A00A937FE /* spacexUITests.swift */,
				4E8C23F02040979A00A937FE /* Info.plist */,
			);
			path = spacexUITests;
			sourceTree = "<group>";
		};
		4E8C23FC20409CB200A937FE /* ViewControllers */ = {
			isa = PBXGroup;
			children = (
				4E8C242E2040BF0C00A937FE /* Detail */,
				4E8C240120409CDD00A937FE /* LaunchList */,
				4E8C240020409CD800A937FE /* Common */,
			);
			path = ViewControllers;
			sourceTree = "<group>";
		};
		4E8C23FD20409CB800A937FE /* ViewModels */ = {
			isa = PBXGroup;
			children = (
				4E8C241B2040AA4300A937FE /* Cells */,
				4E8C241A2040AA1A00A937FE /* LaunchList */,
			);
			path = ViewModels;
			sourceTree = "<group>";
		};
		4E8C23FE20409CBF00A937FE /* Views */ = {
			isa = PBXGroup;
			children = (
				4E8C24242040AF8C00A937FE /* Cells */,
				4E8C24152040A78700A937FE /* LoadingView */,
			);
			path = Views;
			sourceTree = "<group>";
		};
		4E8C23FF20409CC400A937FE /* Classes */ = {
			isa = PBXGroup;
			children = (
				4E8C240420409F6500A937FE /* Managers */,
				4E8C240320409F6100A937FE /* Models */,
				4E8C240220409F5C00A937FE /* Service */,
			);
			path = Classes;
			sourceTree = "<group>";
		};
		4E8C240020409CD800A937FE /* Common */ = {
			isa = PBXGroup;
			children = (
			);
			path = Common;
			sourceTree = "<group>";
		};
		4E8C240120409CDD00A937FE /* LaunchList */ = {
			isa = PBXGroup;
			children = (
				4E8C241C2040AC3800A937FE /* LaunchListViewController.swift */,
			);
			path = LaunchList;
			sourceTree = "<group>";
		};
		4E8C240220409F5C00A937FE /* Service */ = {
			isa = PBXGroup;
			children = (
				4E8C240B2040A01800A937FE /* ServiceManager.swift */,
				4E8C240D2040A09000A937FE /* RequestTarget.swift */,
			);
			path = Service;
			sourceTree = "<group>";
		};
		4E8C240320409F6100A937FE /* Models */ = {
			isa = PBXGroup;
			children = (
				4E8C240F2040A1ED00A937FE /* ResponseModel.swift */,
			);
			path = Models;
			sourceTree = "<group>";
		};
		4E8C240420409F6500A937FE /* Managers */ = {
			isa = PBXGroup;
			children = (
			);
			path = Managers;
			sourceTree = "<group>";
		};
		4E8C240520409F6B00A937FE /* Extensions */ = {
			isa = PBXGroup;
			children = (
				4E8C240920409F8E00A937FE /* Foundation */,
				4E8C240820409F8100A937FE /* UIKit */,
			);
			path = Extensions;
			sourceTree = "<group>";
		};
		4E8C240820409F8100A937FE /* UIKit */ = {
			isa = PBXGroup;
			children = (
				4E8C240A20409FA100A937FE /* Views */,
				4E8C24132040A6FA00A937FE /* UIViewController+Extensions.swift */,
			);
			path = UIKit;
			sourceTree = "<group>";
		};
		4E8C240920409F8E00A937FE /* Foundation */ = {
			isa = PBXGroup;
			children = (
				4E8C242C2040B50700A937FE /* String+Extensions.swift */,
			);
			path = Foundation;
			sourceTree = "<group>";
		};
		4E8C240A20409FA100A937FE /* Views */ = {
			isa = PBXGroup;
			children = (
				4E8C24202040AE7700A937FE /* CellProtocol.swift */,
				4E8C241E2040ADEA00A937FE /* UITableView+Extensions.swift */,
			);
			path = Views;
			sourceTree = "<group>";
		};
		4E8C24152040A78700A937FE /* LoadingView */ = {
			isa = PBXGroup;
			children = (
				4E8C24162040A7A900A937FE /* LoadingView.swift */,
				4E8C24172040A7A900A937FE /* LoadingView.xib */,
			);
			path = LoadingView;
			sourceTree = "<group>";
		};
		4E8C241A2040AA1A00A937FE /* LaunchList */ = {
			isa = PBXGroup;
			children = (
			);
			path = LaunchList;
			sourceTree = "<group>";
		};
		4E8C241B2040AA4300A937FE /* Cells */ = {
			isa = PBXGroup;
			children = (
				4E8C24222040AE9200A937FE /* BaseCellViewModel.swift */,
				4E8C242A2040B40600A937FE /* LaunchCellViewModel.swift */,
			);
			path = Cells;
			sourceTree = "<group>";
		};
		4E8C24242040AF8C00A937FE /* Cells */ = {
			isa = PBXGroup;
			children = (
				4E8C24252040AFC900A937FE /* Launch */,
			);
			path = Cells;
			sourceTree = "<group>";
		};
		4E8C24252040AFC900A937FE /* Launch */ = {
			isa = PBXGroup;
			children = (
				4E8C24262040AFF600A937FE /* LauchTableViewCell.swift */,
				4E8C24272040AFF600A937FE /* LauchTableViewCell.xib */,
			);
			path = Launch;
			sourceTree = "<group>";
		};
		4E8C242E2040BF0C00A937FE /* Detail */ = {
			isa = PBXGroup;
			children = (
			);
			path = Detail;
			sourceTree = "<group>";
		};
		AE2DFAACB96DC9C8F562B92D /* Frameworks */ = {
			isa = PBXGroup;
			children = (
				F7D60C31EDB7C75AA61A059E /* Pods_spacex.framework */,
				0119A1FBAB4BF7F1F58B57C5 /* Pods_spacexTests.framework */,
				9C02854162EB4D2925513BED /* Pods_spacexUITests.framework */,
			);
			name = Frameworks;
			sourceTree = "<group>";
		};
		DECC9ADADA31C3B086695F4C /* Pods */ = {
			isa = PBXGroup;
			children = (
				345EE36E6139F82AA9738E9C /* Pods-spacex.debug.xcconfig */,
				010AA241B2D6B7FCD5121FEB /* Pods-spacex.release.xcconfig */,
				BA29E1320BC48DAD8A8B1EAF /* Pods-spacexTests.debug.xcconfig */,
				1D47B37E5D83339DFBA13755 /* Pods-spacexTests.release.xcconfig */,
				0259EAB7780731A8FFD2F13A /* Pods-spacexUITests.debug.xcconfig */,
				39105B5017F2646658599B96 /* Pods-spacexUITests.release.xcconfig */,
			);
			name = Pods;
			sourceTree = "<group>";
		};
/* End PBXGroup section */

/* Begin PBXNativeTarget section */
		4E8C23CA2040979A00A937FE /* spacex */ = {
			isa = PBXNativeTarget;
			buildConfigurationList = 4E8C23F32040979A00A937FE /* Build configuration list for PBXNativeTarget "spacex" */;
			buildPhases = (
				CD759059C4747BE9D61E0646 /* [CP] Check Pods Manifest.lock */,
				4E8C23C72040979A00A937FE /* Sources */,
				4E8C23C82040979A00A937FE /* Frameworks */,
				4E8C23C92040979A00A937FE /* Resources */,
				492FD4C0EB929CE88503ACAE /* [CP] Embed Pods Frameworks */,
				29E461F816AA4A238B4A01DD /* [CP] Copy Pods Resources */,
			);
			buildRules = (
			);
			dependencies = (
			);
			name = spacex;
			productName = spacex;
			productReference = 4E8C23CB2040979A00A937FE /* spacex.app */;
			productType = "com.apple.product-type.application";
		};
		4E8C23DE2040979A00A937FE /* spacexTests */ = {
			isa = PBXNativeTarget;
			buildConfigurationList = 4E8C23F62040979A00A937FE /* Build configuration list for PBXNativeTarget "spacexTests" */;
			buildPhases = (
				753149826F50C06813B1D528 /* [CP] Check Pods Manifest.lock */,
				4E8C23DB2040979A00A937FE /* Sources */,
				4E8C23DC2040979A00A937FE /* Frameworks */,
				4E8C23DD2040979A00A937FE /* Resources */,
				EA643B7AFB130F24F151E30A /* [CP] Embed Pods Frameworks */,
				02612D7AB21E266A320A18C3 /* [CP] Copy Pods Resources */,
			);
			buildRules = (
			);
			dependencies = (
				4E8C23E12040979A00A937FE /* PBXTargetDependency */,
			);
			name = spacexTests;
			productName = spacexTests;
			productReference = 4E8C23DF2040979A00A937FE /* spacexTests.xctest */;
			productType = "com.apple.product-type.bundle.unit-test";
		};
		4E8C23E92040979A00A937FE /* spacexUITests */ = {
			isa = PBXNativeTarget;
			buildConfigurationList = 4E8C23F92040979A00A937FE /* Build configuration list for PBXNativeTarget "spacexUITests" */;
			buildPhases = (
				8B77AD2467DEF2BA583383DC /* [CP] Check Pods Manifest.lock */,
				4E8C23E62040979A00A937FE /* Sources */,
				4E8C23E72040979A00A937FE /* Frameworks */,
				4E8C23E82040979A00A937FE /* Resources */,
				AB151A526F6CA443BD7E6FBF /* [CP] Embed Pods Frameworks */,
				05C22FF33AFED789AE5B83DB /* [CP] Copy Pods Resources */,
			);
			buildRules = (
			);
			dependencies = (
				4E8C23EC2040979A00A937FE /* PBXTargetDependency */,
			);
			name = spacexUITests;
			productName = spacexUITests;
			productReference = 4E8C23EA2040979A00A937FE /* spacexUITests.xctest */;
			productType = "com.apple.product-type.bundle.ui-testing";
		};
/* End PBXNativeTarget section */

/* Begin PBXProject section */
		4E8C23C32040979A00A937FE /* Project object */ = {
			isa = PBXProject;
			attributes = {
				LastSwiftUpdateCheck = 0920;
				LastUpgradeCheck = 0920;
				ORGANIZATIONNAME = arabam.com;
				TargetAttributes = {
					4E8C23CA2040979A00A937FE = {
						CreatedOnToolsVersion = 9.2;
						ProvisioningStyle = Automatic;
					};
					4E8C23DE2040979A00A937FE = {
						CreatedOnToolsVersion = 9.2;
						ProvisioningStyle = Automatic;
						TestTargetID = 4E8C23CA2040979A00A937FE;
					};
					4E8C23E92040979A00A937FE = {
						CreatedOnToolsVersion = 9.2;
						ProvisioningStyle = Automatic;
						TestTargetID = 4E8C23CA2040979A00A937FE;
					};
				};
			};
			buildConfigurationList = 4E8C23C62040979A00A937FE /* Build configuration list for PBXProject "spacex" */;
			compatibilityVersion = "Xcode 8.0";
			developmentRegion = en;
			hasScannedForEncodings = 0;
			knownRegions = (
				en,
				Base,
			);
			mainGroup = 4E8C23C22040979A00A937FE;
			productRefGroup = 4E8C23CC2040979A00A937FE /* Products */;
			projectDirPath = "";
			projectRoot = "";
			targets = (
				4E8C23CA2040979A00A937FE /* spacex */,
				4E8C23DE2040979A00A937FE /* spacexTests */,
				4E8C23E92040979A00A937FE /* spacexUITests */,
			);
		};
/* End PBXProject section */

/* Begin PBXResourcesBuildPhase section */
		4E8C23C92040979A00A937FE /* Resources */ = {
			isa = PBXResourcesBuildPhase;
			buildActionMask = 2147483647;
			files = (
				4E8C23D92040979A00A937FE /* LaunchScreen.storyboard in Resources */,
				4E8C24192040A7A900A937FE /* LoadingView.xib in Resources */,
				4E8C23D62040979A00A937FE /* Assets.xcassets in Resources */,
				4E8C23D42040979A00A937FE /* Main.storyboard in Resources */,
				4E8C24292040AFF600A937FE /* LauchTableViewCell.xib in Resources */,
			);
			runOnlyForDeploymentPostprocessing = 0;
		};
		4E8C23DD2040979A00A937FE /* Resources */ = {
			isa = PBXResourcesBuildPhase;
			buildActionMask = 2147483647;
			files = (
			);
			runOnlyForDeploymentPostprocessing = 0;
		};
		4E8C23E82040979A00A937FE /* Resources */ = {
			isa = PBXResourcesBuildPhase;
			buildActionMask = 2147483647;
			files = (
			);
			runOnlyForDeploymentPostprocessing = 0;
		};
/* End PBXResourcesBuildPhase section */

/* Begin PBXShellScriptBuildPhase section */
		02612D7AB21E266A320A18C3 /* [CP] Copy Pods Resources */ = {
			isa = PBXShellScriptBuildPhase;
			buildActionMask = 2147483647;
			files = (
			);
			inputPaths = (
			);
			name = "[CP] Copy Pods Resources";
			outputPaths = (
			);
			runOnlyForDeploymentPostprocessing = 0;
			shellPath = /bin/sh;
			shellScript = "\"${SRCROOT}/Pods/Target Support Files/Pods-spacexTests/Pods-spacexTests-resources.sh\"\n";
			showEnvVarsInLog = 0;
		};
		05C22FF33AFED789AE5B83DB /* [CP] Copy Pods Resources */ = {
			isa = PBXShellScriptBuildPhase;
			buildActionMask = 2147483647;
			files = (
			);
			inputPaths = (
			);
			name = "[CP] Copy Pods Resources";
			outputPaths = (
			);
			runOnlyForDeploymentPostprocessing = 0;
			shellPath = /bin/sh;
			shellScript = "\"${SRCROOT}/Pods/Target Support Files/Pods-spacexUITests/Pods-spacexUITests-resources.sh\"\n";
			showEnvVarsInLog = 0;
		};
		29E461F816AA4A238B4A01DD /* [CP] Copy Pods Resources */ = {
			isa = PBXShellScriptBuildPhase;
			buildActionMask = 2147483647;
			files = (
			);
			inputPaths = (
			);
			name = "[CP] Copy Pods Resources";
			outputPaths = (
			);
			runOnlyForDeploymentPostprocessing = 0;
			shellPath = /bin/sh;
			shellScript = "\"${SRCROOT}/Pods/Target Support Files/Pods-spacex/Pods-spacex-resources.sh\"\n";
			showEnvVarsInLog = 0;
		};
		492FD4C0EB929CE88503ACAE /* [CP] Embed Pods Frameworks */ = {
			isa = PBXShellScriptBuildPhase;
			buildActionMask = 2147483647;
			files = (
			);
			inputPaths = (
				"${SRCROOT}/Pods/Target Support Files/Pods-spacex/Pods-spacex-frameworks.sh",
				"${BUILT_PRODUCTS_DIR}/Alamofire/Alamofire.framework",
				"${BUILT_PRODUCTS_DIR}/AlamofireImage/AlamofireImage.framework",
				"${BUILT_PRODUCTS_DIR}/Moya/Moya.framework",
				"${BUILT_PRODUCTS_DIR}/ObjectMapper/ObjectMapper.framework",
				"${BUILT_PRODUCTS_DIR}/Result/Result.framework",
			);
			name = "[CP] Embed Pods Frameworks";
			outputPaths = (
				"${TARGET_BUILD_DIR}/${FRAMEWORKS_FOLDER_PATH}/Alamofire.framework",
				"${TARGET_BUILD_DIR}/${FRAMEWORKS_FOLDER_PATH}/AlamofireImage.framework",
				"${TARGET_BUILD_DIR}/${FRAMEWORKS_FOLDER_PATH}/Moya.framework",
				"${TARGET_BUILD_DIR}/${FRAMEWORKS_FOLDER_PATH}/ObjectMapper.framework",
				"${TARGET_BUILD_DIR}/${FRAMEWORKS_FOLDER_PATH}/Result.framework",
			);
			runOnlyForDeploymentPostprocessing = 0;
			shellPath = /bin/sh;
			shellScript = "\"${SRCROOT}/Pods/Target Support Files/Pods-spacex/Pods-spacex-frameworks.sh\"\n";
			showEnvVarsInLog = 0;
		};
		753149826F50C06813B1D528 /* [CP] Check Pods Manifest.lock */ = {
			isa = PBXShellScriptBuildPhase;
			buildActionMask = 2147483647;
			files = (
			);
			inputPaths = (
				"${PODS_PODFILE_DIR_PATH}/Podfile.lock",
				"${PODS_ROOT}/Manifest.lock",
			);
			name = "[CP] Check Pods Manifest.lock";
			outputPaths = (
				"$(DERIVED_FILE_DIR)/Pods-spacexTests-checkManifestLockResult.txt",
			);
			runOnlyForDeploymentPostprocessing = 0;
			shellPath = /bin/sh;
			shellScript = "diff \"${PODS_PODFILE_DIR_PATH}/Podfile.lock\" \"${PODS_ROOT}/Manifest.lock\" > /dev/null\nif [ $? != 0 ] ; then\n    # print error to STDERR\n    echo \"error: The sandbox is not in sync with the Podfile.lock. Run 'pod install' or update your CocoaPods installation.\" >&2\n    exit 1\nfi\n# This output is used by Xcode 'outputs' to avoid re-running this script phase.\necho \"SUCCESS\" > \"${SCRIPT_OUTPUT_FILE_0}\"\n";
			showEnvVarsInLog = 0;
		};
		8B77AD2467DEF2BA583383DC /* [CP] Check Pods Manifest.lock */ = {
			isa = PBXShellScriptBuildPhase;
			buildActionMask = 2147483647;
			files = (
			);
			inputPaths = (
				"${PODS_PODFILE_DIR_PATH}/Podfile.lock",
				"${PODS_ROOT}/Manifest.lock",
			);
			name = "[CP] Check Pods Manifest.lock";
			outputPaths = (
				"$(DERIVED_FILE_DIR)/Pods-spacexUITests-checkManifestLockResult.txt",
			);
			runOnlyForDeploymentPostprocessing = 0;
			shellPath = /bin/sh;
			shellScript = "diff \"${PODS_PODFILE_DIR_PATH}/Podfile.lock\" \"${PODS_ROOT}/Manifest.lock\" > /dev/null\nif [ $? != 0 ] ; then\n    # print error to STDERR\n    echo \"error: The sandbox is not in sync with the Podfile.lock. Run 'pod install' or update your CocoaPods installation.\" >&2\n    exit 1\nfi\n# This output is used by Xcode 'outputs' to avoid re-running this script phase.\necho \"SUCCESS\" > \"${SCRIPT_OUTPUT_FILE_0}\"\n";
			showEnvVarsInLog = 0;
		};
		AB151A526F6CA443BD7E6FBF /* [CP] Embed Pods Frameworks */ = {
			isa = PBXShellScriptBuildPhase;
			buildActionMask = 2147483647;
			files = (
			);
			inputPaths = (
			);
			name = "[CP] Embed Pods Frameworks";
			outputPaths = (
			);
			runOnlyForDeploymentPostprocessing = 0;
			shellPath = /bin/sh;
			shellScript = "\"${SRCROOT}/Pods/Target Support Files/Pods-spacexUITests/Pods-spacexUITests-frameworks.sh\"\n";
			showEnvVarsInLog = 0;
		};
		CD759059C4747BE9D61E0646 /* [CP] Check Pods Manifest.lock */ = {
			isa = PBXShellScriptBuildPhase;
			buildActionMask = 2147483647;
			files = (
			);
			inputPaths = (
				"${PODS_PODFILE_DIR_PATH}/Podfile.lock",
				"${PODS_ROOT}/Manifest.lock",
			);
			name = "[CP] Check Pods Manifest.lock";
			outputPaths = (
				"$(DERIVED_FILE_DIR)/Pods-spacex-checkManifestLockResult.txt",
			);
			runOnlyForDeploymentPostprocessing = 0;
			shellPath = /bin/sh;
			shellScript = "diff \"${PODS_PODFILE_DIR_PATH}/Podfile.lock\" \"${PODS_ROOT}/Manifest.lock\" > /dev/null\nif [ $? != 0 ] ; then\n    # print error to STDERR\n    echo \"error: The sandbox is not in sync with the Podfile.lock. Run 'pod install' or update your CocoaPods installation.\" >&2\n    exit 1\nfi\n# This output is used by Xcode 'outputs' to avoid re-running this script phase.\necho \"SUCCESS\" > \"${SCRIPT_OUTPUT_FILE_0}\"\n";
			showEnvVarsInLog = 0;
		};
		EA643B7AFB130F24F151E30A /* [CP] Embed Pods Frameworks */ = {
			isa = PBXShellScriptBuildPhase;
			buildActionMask = 2147483647;
			files = (
			);
			inputPaths = (
			);
			name = "[CP] Embed Pods Frameworks";
			outputPaths = (
			);
			runOnlyForDeploymentPostprocessing = 0;
			shellPath = /bin/sh;
			shellScript = "\"${SRCROOT}/Pods/Target Support Files/Pods-spacexTests/Pods-spacexTests-frameworks.sh\"\n";
			showEnvVarsInLog = 0;
		};
/* End PBXShellScriptBuildPhase section */

/* Begin PBXSourcesBuildPhase section */
		4E8C23C72040979A00A937FE /* Sources */ = {
			isa = PBXSourcesBuildPhase;
			buildActionMask = 2147483647;
			files = (
				4E8C241D2040AC3800A937FE /* LaunchListViewController.swift in Sources */,
				4E8C242D2040B50700A937FE /* String+Extensions.swift in Sources */,
				4E8C24212040AE7700A937FE /* CellProtocol.swift in Sources */,
				4E8C24282040AFF600A937FE /* LauchTableViewCell.swift in Sources */,
				4E8C240E2040A09000A937FE /* RequestTarget.swift in Sources */,
				4E8C23CF2040979A00A937FE /* AppDelegate.swift in Sources */,
				4E8C241F2040ADEA00A937FE /* UITableView+Extensions.swift in Sources */,
				4E8C24102040A1ED00A937FE /* ResponseModel.swift in Sources */,
				4E8C240C2040A01800A937FE /* ServiceManager.swift in Sources */,
				4E8C24142040A6FA00A937FE /* UIViewController+Extensions.swift in Sources */,
				4E8C24182040A7A900A937FE /* LoadingView.swift in Sources */,
				4E8C24232040AE9200A937FE /* BaseCellViewModel.swift in Sources */,
				4E8C242B2040B40600A937FE /* LaunchCellViewModel.swift in Sources */,
			);
			runOnlyForDeploymentPostprocessing = 0;
		};
		4E8C23DB2040979A00A937FE /* Sources */ = {
			isa = PBXSourcesBuildPhase;
			buildActionMask = 2147483647;
			files = (
				4E8C23E42040979A00A937FE /* spacexTests.swift in Sources */,
			);
			runOnlyForDeploymentPostprocessing = 0;
		};
		4E8C23E62040979A00A937FE /* Sources */ = {
			isa = PBXSourcesBuildPhase;
			buildActionMask = 2147483647;
			files = (
				4E8C23EF2040979A00A937FE /* spacexUITests.swift in Sources */,
			);
			runOnlyForDeploymentPostprocessing = 0;
		};
/* End PBXSourcesBuildPhase section */

/* Begin PBXTargetDependency section */
		4E8C23E12040979A00A937FE /* PBXTargetDependency */ = {
			isa = PBXTargetDependency;
			target = 4E8C23CA2040979A00A937FE /* spacex */;
			targetProxy = 4E8C23E02040979A00A937FE /* PBXContainerItemProxy */;
		};
		4E8C23EC2040979A00A937FE /* PBXTargetDependency */ = {
			isa = PBXTargetDependency;
			target = 4E8C23CA2040979A00A937FE /* spacex */;
			targetProxy = 4E8C23EB2040979A00A937FE /* PBXContainerItemProxy */;
		};
/* End PBXTargetDependency section */

/* Begin PBXVariantGroup section */
		4E8C23D22040979A00A937FE /* Main.storyboard */ = {
			isa = PBXVariantGroup;
			children = (
				4E8C23D32040979A00A937FE /* Base */,
			);
			name = Main.storyboard;
			sourceTree = "<group>";
		};
		4E8C23D72040979A00A937FE /* LaunchScreen.storyboard */ = {
			isa = PBXVariantGroup;
			children = (
				4E8C23D82040979A00A937FE /* Base */,
			);
			name = LaunchScreen.storyboard;
			sourceTree = "<group>";
		};
/* End PBXVariantGroup section */

/* Begin XCBuildConfiguration section */
		4E8C23F12040979A00A937FE /* Debug */ = {
			isa = XCBuildConfiguration;
			buildSettings = {
				ALWAYS_SEARCH_USER_PATHS = NO;
				CLANG_ANALYZER_NONNULL = YES;
				CLANG_ANALYZER_NUMBER_OBJECT_CONVERSION = YES_AGGRESSIVE;
				CLANG_CXX_LANGUAGE_STANDARD = "gnu++14";
				CLANG_CXX_LIBRARY = "libc++";
				CLANG_ENABLE_MODULES = YES;
				CLANG_ENABLE_OBJC_ARC = YES;
				CLANG_WARN_BLOCK_CAPTURE_AUTORELEASING = YES;
				CLANG_WARN_BOOL_CONVERSION = YES;
				CLANG_WARN_COMMA = YES;
				CLANG_WARN_CONSTANT_CONVERSION = YES;
				CLANG_WARN_DIRECT_OBJC_ISA_USAGE = YES_ERROR;
				CLANG_WARN_DOCUMENTATION_COMMENTS = YES;
				CLANG_WARN_EMPTY_BODY = YES;
				CLANG_WARN_ENUM_CONVERSION = YES;
				CLANG_WARN_INFINITE_RECURSION = YES;
				CLANG_WARN_INT_CONVERSION = YES;
				CLANG_WARN_NON_LITERAL_NULL_CONVERSION = YES;
				CLANG_WARN_OBJC_LITERAL_CONVERSION = YES;
				CLANG_WARN_OBJC_ROOT_CLASS = YES_ERROR;
				CLANG_WARN_RANGE_LOOP_ANALYSIS = YES;
				CLANG_WARN_STRICT_PROTOTYPES = YES;
				CLANG_WARN_SUSPICIOUS_MOVE = YES;
				CLANG_WARN_UNGUARDED_AVAILABILITY = YES_AGGRESSIVE;
				CLANG_WARN_UNREACHABLE_CODE = YES;
				CLANG_WARN__DUPLICATE_METHOD_MATCH = YES;
				CODE_SIGN_IDENTITY = "iPhone Developer";
				COPY_PHASE_STRIP = NO;
				DEBUG_INFORMATION_FORMAT = dwarf;
				ENABLE_STRICT_OBJC_MSGSEND = YES;
				ENABLE_TESTABILITY = YES;
				GCC_C_LANGUAGE_STANDARD = gnu11;
				GCC_DYNAMIC_NO_PIC = NO;
				GCC_NO_COMMON_BLOCKS = YES;
				GCC_OPTIMIZATION_LEVEL = 0;
				GCC_PREPROCESSOR_DEFINITIONS = (
					"DEBUG=1",
					"$(inherited)",
				);
				GCC_WARN_64_TO_32_BIT_CONVERSION = YES;
				GCC_WARN_ABOUT_RETURN_TYPE = YES_ERROR;
				GCC_WARN_UNDECLARED_SELECTOR = YES;
				GCC_WARN_UNINITIALIZED_AUTOS = YES_AGGRESSIVE;
				GCC_WARN_UNUSED_FUNCTION = YES;
				GCC_WARN_UNUSED_VARIABLE = YES;
				IPHONEOS_DEPLOYMENT_TARGET = 10.0;
				MTL_ENABLE_DEBUG_INFO = YES;
				ONLY_ACTIVE_ARCH = YES;
				SDKROOT = iphoneos;
				SWIFT_ACTIVE_COMPILATION_CONDITIONS = DEBUG;
				SWIFT_OPTIMIZATION_LEVEL = "-Onone";
			};
			name = Debug;
		};
		4E8C23F22040979A00A937FE /* Release */ = {
			isa = XCBuildConfiguration;
			buildSettings = {
				ALWAYS_SEARCH_USER_PATHS = NO;
				CLANG_ANALYZER_NONNULL = YES;
				CLANG_ANALYZER_NUMBER_OBJECT_CONVERSION = YES_AGGRESSIVE;
				CLANG_CXX_LANGUAGE_STANDARD = "gnu++14";
				CLANG_CXX_LIBRARY = "libc++";
				CLANG_ENABLE_MODULES = YES;
				CLANG_ENABLE_OBJC_ARC = YES;
				CLANG_WARN_BLOCK_CAPTURE_AUTORELEASING = YES;
				CLANG_WARN_BOOL_CONVERSION = YES;
				CLANG_WARN_COMMA = YES;
				CLANG_WARN_CONSTANT_CONVERSION = YES;
				CLANG_WARN_DIRECT_OBJC_ISA_USAGE = YES_ERROR;
				CLANG_WARN_DOCUMENTATION_COMMENTS = YES;
				CLANG_WARN_EMPTY_BODY = YES;
				CLANG_WARN_ENUM_CONVERSION = YES;
				CLANG_WARN_INFINITE_RECURSION = YES;
				CLANG_WARN_INT_CONVERSION = YES;
				CLANG_WARN_NON_LITERAL_NULL_CONVERSION = YES;
				CLANG_WARN_OBJC_LITERAL_CONVERSION = YES;
				CLANG_WARN_OBJC_ROOT_CLASS = YES_ERROR;
				CLANG_WARN_RANGE_LOOP_ANALYSIS = YES;
				CLANG_WARN_STRICT_PROTOTYPES = YES;
				CLANG_WARN_SUSPICIOUS_MOVE = YES;
				CLANG_WARN_UNGUARDED_AVAILABILITY = YES_AGGRESSIVE;
				CLANG_WARN_UNREACHABLE_CODE = YES;
				CLANG_WARN__DUPLICATE_METHOD_MATCH = YES;
				CODE_SIGN_IDENTITY = "iPhone Developer";
				COPY_PHASE_STRIP = NO;
				DEBUG_INFORMATION_FORMAT = "dwarf-with-dsym";
				ENABLE_NS_ASSERTIONS = NO;
				ENABLE_STRICT_OBJC_MSGSEND = YES;
				GCC_C_LANGUAGE_STANDARD = gnu11;
				GCC_NO_COMMON_BLOCKS = YES;
				GCC_WARN_64_TO_32_BIT_CONVERSION = YES;
				GCC_WARN_ABOUT_RETURN_TYPE = YES_ERROR;
				GCC_WARN_UNDECLARED_SELECTOR = YES;
				GCC_WARN_UNINITIALIZED_AUTOS = YES_AGGRESSIVE;
				GCC_WARN_UNUSED_FUNCTION = YES;
				GCC_WARN_UNUSED_VARIABLE = YES;
				IPHONEOS_DEPLOYMENT_TARGET = 10.0;
				MTL_ENABLE_DEBUG_INFO = NO;
				SDKROOT = iphoneos;
				SWIFT_OPTIMIZATION_LEVEL = "-Owholemodule";
				VALIDATE_PRODUCT = YES;
			};
			name = Release;
		};
		4E8C23F42040979A00A937FE /* Debug */ = {
			isa = XCBuildConfiguration;
			baseConfigurationReference = 345EE36E6139F82AA9738E9C /* Pods-spacex.debug.xcconfig */;
			buildSettings = {
				ASSETCATALOG_COMPILER_APPICON_NAME = AppIcon;
				CODE_SIGN_STYLE = Automatic;
				DEVELOPMENT_TEAM = AGEQK67NW9;
				INFOPLIST_FILE = spacex/Info.plist;
				LD_RUNPATH_SEARCH_PATHS = "$(inherited) @executable_path/Frameworks";
				PRODUCT_BUNDLE_IDENTIFIER = com.arabam.interview.spacex;
				PRODUCT_NAME = "$(TARGET_NAME)";
				SWIFT_VERSION = 4.0;
				TARGETED_DEVICE_FAMILY = 1;
			};
			name = Debug;
		};
		4E8C23F52040979A00A937FE /* Release */ = {
			isa = XCBuildConfiguration;
			baseConfigurationReference = 010AA241B2D6B7FCD5121FEB /* Pods-spacex.release.xcconfig */;
			buildSettings = {
				ASSETCATALOG_COMPILER_APPICON_NAME = AppIcon;
				CODE_SIGN_STYLE = Automatic;
				DEVELOPMENT_TEAM = AGEQK67NW9;
				INFOPLIST_FILE = spacex/Info.plist;
				LD_RUNPATH_SEARCH_PATHS = "$(inherited) @executable_path/Frameworks";
				PRODUCT_BUNDLE_IDENTIFIER = com.arabam.interview.spacex;
				PRODUCT_NAME = "$(TARGET_NAME)";
				SWIFT_VERSION = 4.0;
				TARGETED_DEVICE_FAMILY = 1;
			};
			name = Release;
		};
		4E8C23F72040979A00A937FE /* Debug */ = {
			isa = XCBuildConfiguration;
			baseConfigurationReference = BA29E1320BC48DAD8A8B1EAF /* Pods-spacexTests.debug.xcconfig */;
			buildSettings = {
				ALWAYS_EMBED_SWIFT_STANDARD_LIBRARIES = YES;
				BUNDLE_LOADER = "$(TEST_HOST)";
				CODE_SIGN_STYLE = Automatic;
				DEVELOPMENT_TEAM = AGEQK67NW9;
				INFOPLIST_FILE = spacexTests/Info.plist;
				LD_RUNPATH_SEARCH_PATHS = "$(inherited) @executable_path/Frameworks @loader_path/Frameworks";
				PRODUCT_BUNDLE_IDENTIFIER = com.arabam.interview.spacexTests;
				PRODUCT_NAME = "$(TARGET_NAME)";
				SWIFT_VERSION = 4.0;
				TARGETED_DEVICE_FAMILY = "1,2";
				TEST_HOST = "$(BUILT_PRODUCTS_DIR)/spacex.app/spacex";
			};
			name = Debug;
		};
		4E8C23F82040979A00A937FE /* Release */ = {
			isa = XCBuildConfiguration;
			baseConfigurationReference = 1D47B37E5D83339DFBA13755 /* Pods-spacexTests.release.xcconfig */;
			buildSettings = {
				ALWAYS_EMBED_SWIFT_STANDARD_LIBRARIES = YES;
				BUNDLE_LOADER = "$(TEST_HOST)";
				CODE_SIGN_STYLE = Automatic;
				DEVELOPMENT_TEAM = AGEQK67NW9;
				INFOPLIST_FILE = spacexTests/Info.plist;
				LD_RUNPATH_SEARCH_PATHS = "$(inherited) @executable_path/Frameworks @loader_path/Frameworks";
				PRODUCT_BUNDLE_IDENTIFIER = com.arabam.interview.spacexTests;
				PRODUCT_NAME = "$(TARGET_NAME)";
				SWIFT_VERSION = 4.0;
				TARGETED_DEVICE_FAMILY = "1,2";
				TEST_HOST = "$(BUILT_PRODUCTS_DIR)/spacex.app/spacex";
			};
			name = Release;
		};
		4E8C23FA2040979A00A937FE /* Debug */ = {
			isa = XCBuildConfiguration;
			baseConfigurationReference = 0259EAB7780731A8FFD2F13A /* Pods-spacexUITests.debug.xcconfig */;
			buildSettings = {
				ALWAYS_EMBED_SWIFT_STANDARD_LIBRARIES = YES;
				CODE_SIGN_STYLE = Automatic;
				DEVELOPMENT_TEAM = AGEQK67NW9;
				INFOPLIST_FILE = spacexUITests/Info.plist;
				LD_RUNPATH_SEARCH_PATHS = "$(inherited) @executable_path/Frameworks @loader_path/Frameworks";
				PRODUCT_BUNDLE_IDENTIFIER = com.arabam.interview.spacexUITests;
				PRODUCT_NAME = "$(TARGET_NAME)";
				SWIFT_VERSION = 4.0;
				TARGETED_DEVICE_FAMILY = "1,2";
				TEST_TARGET_NAME = spacex;
			};
			name = Debug;
		};
		4E8C23FB2040979A00A937FE /* Release */ = {
			isa = XCBuildConfiguration;
			baseConfigurationReference = 39105B5017F2646658599B96 /* Pods-spacexUITests.release.xcconfig */;
			buildSettings = {
				ALWAYS_EMBED_SWIFT_STANDARD_LIBRARIES = YES;
				CODE_SIGN_STYLE = Automatic;
				DEVELOPMENT_TEAM = AGEQK67NW9;
				INFOPLIST_FILE = spacexUITests/Info.plist;
				LD_RUNPATH_SEARCH_PATHS = "$(inherited) @executable_path/Frameworks @loader_path/Frameworks";
				PRODUCT_BUNDLE_IDENTIFIER = com.arabam.interview.spacexUITests;
				PRODUCT_NAME = "$(TARGET_NAME)";
				SWIFT_VERSION = 4.0;
				TARGETED_DEVICE_FAMILY = "1,2";
				TEST_TARGET_NAME = spacex;
			};
			name = Release;
		};
/* End XCBuildConfiguration section */

/* Begin XCConfigurationList section */
		4E8C23C62040979A00A937FE /* Build configuration list for PBXProject "spacex" */ = {
			isa = XCConfigurationList;
			buildConfigurations = (
				4E8C23F12040979A00A937FE /* Debug */,
				4E8C23F22040979A00A937FE /* Release */,
			);
			defaultConfigurationIsVisible = 0;
			defaultConfigurationName = Release;
		};
		4E8C23F32040979A00A937FE /* Build configuration list for PBXNativeTarget "spacex" */ = {
			isa = XCConfigurationList;
			buildConfigurations = (
				4E8C23F42040979A00A937FE /* Debug */,
				4E8C23F52040979A00A937FE /* Release */,
			);
			defaultConfigurationIsVisible = 0;
			defaultConfigurationName = Release;
		};
		4E8C23F62040979A00A937FE /* Build configuration list for PBXNativeTarget "spacexTests" */ = {
			isa = XCConfigurationList;
			buildConfigurations = (
				4E8C23F72040979A00A937FE /* Debug */,
				4E8C23F82040979A00A937FE /* Release */,
			);
			defaultConfigurationIsVisible = 0;
			defaultConfigurationName = Release;
		};
		4E8C23F92040979A00A937FE /* Build configuration list for PBXNativeTarget "spacexUITests" */ = {
			isa = XCConfigurationList;
			buildConfigurations = (
				4E8C23FA2040979A00A937FE /* Debug */,
				4E8C23FB2040979A00A937FE /* Release */,
			);
			defaultConfigurationIsVisible = 0;
			defaultConfigurationName = Release;
		};
/* End XCConfigurationList section */
	};
	rootObject = 4E8C23C32040979A00A937FE /* Project object */;
}
